
Microsoft Visual Studio Solution File, Format Version 12.00
# Visual Studio Version 17
VisualStudioVersion = 17.3.32825.248
MinimumVisualStudioVersion = 10.0.40219.1
Project("{FAE04EC0-301F-11D3-BF4B-00C04F79EFBC}") = "ProjekPBODesktop", "CobaProjekProgresII\ProjekPBODesktop.csproj", "{EA94F4F1-94AA-4600-B98D-3F16BD714875}"
EndProject
Global
	GlobalSection(SolutionConfigurationPlatforms) = preSolution
		Debug|Any CPU = Debug|Any CPU
		Release|Any CPU = Release|Any CPU
	EndGlobalSection
	GlobalSection(ProjectConfigurationPlatforms) = postSolution
		{EA94F4F1-94AA-4600-B98D-3F16BD714875}.Debug|Any CPU.ActiveCfg = Debug|Any CPU
		{EA94F4F1-94AA-4600-B98D-3F16BD714875}.Debug|Any CPU.Build.0 = Debug|Any CPU
		{EA94F4F1-94AA-4600-B98D-3F16BD714875}.Release|Any CPU.ActiveCfg = Release|Any CPU
		{EA94F4F1-94AA-4600-B98D-3F16BD714875}.Release|Any CPU.Build.0 = Release|Any CPU
	EndGlobalSection
	GlobalSection(SolutionProperties) = preSolution
		HideSolutionNode = FALSE
	EndGlobalSection
	GlobalSection(ExtensibilityGlobals) = postSolution
		SolutionGuid = {FC139675-09AA-4A0A-B717-AEE932D8091E}
	EndGlobalSection
EndGlobal
